
Microsoft Visual Studio Solution File, Format Version 12.00
# Visual Studio Version 16
VisualStudioVersion = 16.0.31205.134
MinimumVisualStudioVersion = 10.0.40219.1
Project("{8BC9CEB8-8B4A-11D0-8D11-00A0C91BC942}") = "Inheritance", "Inheritance\Inheritance.vcxproj", "{BDF0D43C-40BB-49E1-A60B-A8C0D29F4266}"
EndProject
Project("{8BC9CEB8-8B4A-11D0-8D11-00A0C91BC942}") = "Academy", "Academy\Academy.vcxproj", "{3C06539A-27F7-43C5-8189-A6131BBDD7F8}"
EndProject
Project("{8BC9CEB8-8B4A-11D0-8D11-00A0C91BC942}") = "Class_World_GTA", "Class_World_GTA\Class_World_GTA.vcxproj", "{70F05051-9920-44E3-8156-6C19560FE938}"
EndProject
Global
	GlobalSection(SolutionConfigurationPlatforms) = preSolution
		Debug|x64 = Debug|x64
		Debug|x86 = Debug|x86
		Release|x64 = Release|x64
		Release|x86 = Release|x86
	EndGlobalSection
	GlobalSection(ProjectConfigurationPlatforms) = postSolution
		{BDF0D43C-40BB-49E1-A60B-A8C0D29F4266}.Debug|x64.ActiveCfg = Debug|x64
		{BDF0D43C-40BB-49E1-A60B-A8C0D29F4266}.Debug|x64.Build.0 = Debug|x64
		{BDF0D43C-40BB-49E1-A60B-A8C0D29F4266}.Debug|x86.ActiveCfg = Debug|Win32
		{BDF0D43C-40BB-49E1-A60B-A8C0D29F4266}.Debug|x86.Build.0 = Debug|Win32
		{BDF0D43C-40BB-49E1-A60B-A8C0D29F4266}.Release|x64.ActiveCfg = Release|x64
		{BDF0D43C-40BB-49E1-A60B-A8C0D29F4266}.Release|x64.Build.0 = Release|x64
		{BDF0D43C-40BB-49E1-A60B-A8C0D29F4266}.Release|x86.ActiveCfg = Release|Win32
		{BDF0D43C-40BB-49E1-A60B-A8C0D29F4266}.Release|x86.Build.0 = Release|Win32
		{3C06539A-27F7-43C5-8189-A6131BBDD7F8}.Debug|x64.ActiveCfg = Debug|x64
		{3C06539A-27F7-43C5-8189-A6131BBDD7F8}.Debug|x64.Build.0 = Debug|x64
		{3C06539A-27F7-43C5-8189-A6131BBDD7F8}.Debug|x86.ActiveCfg = Debug|Win32
		{3C06539A-27F7-43C5-8189-A6131BBDD7F8}.Debug|x86.Build.0 = Debug|Win32
		{3C06539A-27F7-43C5-8189-A6131BBDD7F8}.Release|x64.ActiveCfg = Release|x64
		{3C06539A-27F7-43C5-8189-A6131BBDD7F8}.Release|x64.Build.0 = Release|x64
		{3C06539A-27F7-43C5-8189-A6131BBDD7F8}.Release|x86.ActiveCfg = Release|Win32
		{3C06539A-27F7-43C5-8189-A6131BBDD7F8}.Release|x86.Build.0 = Release|Win32
		{70F05051-9920-44E3-8156-6C19560FE938}.Debug|x64.ActiveCfg = Debug|x64
		{70F05051-9920-44E3-8156-6C19560FE938}.Debug|x64.Build.0 = Debug|x64
		{70F05051-9920-44E3-8156-6C19560FE938}.Debug|x86.ActiveCfg = Debug|Win32
		{70F05051-9920-44E3-8156-6C19560FE938}.Debug|x86.Build.0 = Debug|Win32
		{70F05051-9920-44E3-8156-6C19560FE938}.Release|x64.ActiveCfg = Release|x64
		{70F05051-9920-44E3-8156-6C19560FE938}.Release|x64.Build.0 = Release|x64
		{70F05051-9920-44E3-8156-6C19560FE938}.Release|x86.ActiveCfg = Release|Win32
		{70F05051-9920-44E3-8156-6C19560FE938}.Release|x86.Build.0 = Release|Win32
	EndGlobalSection
	GlobalSection(SolutionProperties) = preSolution
		HideSolutionNode = FALSE
	EndGlobalSection
	GlobalSection(ExtensibilityGlobals) = postSolution
		SolutionGuid = {7B7D9702-6031-4AD6-AE50-CA8A7C108388}
	EndGlobalSection
EndGlobal
